
Microsoft Visual Studio Solution File, Format Version 12.00
# Visual Studio Version 17
VisualStudioVersion = 17.3.32901.215
MinimumVisualStudioVersion = 10.0.40219.1
Project("{FAE04EC0-301F-11D3-BF4B-00C04F79EFBC}") = "FirstProgram", "FirstProgram\FirstProgram.csproj", "{A7937448-2719-43DC-A452-E17D2397EE57}"
EndProject
Project("{FAE04EC0-301F-11D3-BF4B-00C04F79EFBC}") = "Variable", "..\Variable\Variable.csproj", "{38356DF0-CD53-4962-B493-E155B7310F40}"
EndProject
Global
	GlobalSection(SolutionConfigurationPlatforms) = preSolution
		Debug|Any CPU = Debug|Any CPU
		Release|Any CPU = Release|Any CPU
	EndGlobalSection
	GlobalSection(ProjectConfigurationPlatforms) = postSolution
		{A7937448-2719-43DC-A452-E17D2397EE57}.Debug|Any CPU.ActiveCfg = Debug|Any CPU
		{A7937448-2719-43DC-A452-E17D2397EE57}.Debug|Any CPU.Build.0 = Debug|Any CPU
		{A7937448-2719-43DC-A452-E17D2397EE57}.Release|Any CPU.ActiveCfg = Release|Any CPU
		{A7937448-2719-43DC-A452-E17D2397EE57}.Release|Any CPU.Build.0 = Release|Any CPU
		{38356DF0-CD53-4962-B493-E155B7310F40}.Debug|Any CPU.ActiveCfg = Debug|Any CPU
		{38356DF0-CD53-4962-B493-E155B7310F40}.Debug|Any CPU.Build.0 = Debug|Any CPU
		{38356DF0-CD53-4962-B493-E155B7310F40}.Release|Any CPU.ActiveCfg = Release|Any CPU
		{38356DF0-CD53-4962-B493-E155B7310F40}.Release|Any CPU.Build.0 = Release|Any CPU
	EndGlobalSection
	GlobalSection(SolutionProperties) = preSolution
		HideSolutionNode = FALSE
	EndGlobalSection
	GlobalSection(ExtensibilityGlobals) = postSolution
		SolutionGuid = {D407A2F4-AA9F-4F00-BA4A-22AEB70B73CB}
	EndGlobalSection
EndGlobal
