
Microsoft Visual Studio Solution File, Format Version 12.00
# Visual Studio Version 17
VisualStudioVersion = 17.3.32901.215
MinimumVisualStudioVersion = 10.0.40219.1
Project("{9A19103F-16F7-4668-BE54-9A1E7A4F7556}") = "FirstProgram", "FirstProgram\FirstProgram.csproj", "{A7937448-2719-43DC-A452-E17D2397EE57}"
EndProject
Project("{9A19103F-16F7-4668-BE54-9A1E7A4F7556}") = "Variable", "..\Variable\Variable.csproj", "{38356DF0-CD53-4962-B493-E155B7310F40}"
EndProject
Project("{9A19103F-16F7-4668-BE54-9A1E7A4F7556}") = "Method", "..\Method\Method.csproj", "{B18ACD29-6F57-4082-BA92-A14BF275D5E7}"
EndProject
Project("{9A19103F-16F7-4668-BE54-9A1E7A4F7556}") = "ClassObjectInstance", "..\..\CSharp\ClassObjectInstance\ClassObjectInstance.csproj", "{0B90E9F9-4FDE-4337-9A14-83ED977DEF9F}"
EndProject
Project("{FAE04EC0-301F-11D3-BF4B-00C04F79EFBC}") = "ClassExample", "..\..\CSharp\ClassExample\ClassExample.csproj", "{D92C2409-D91E-4EB0-8D78-EB02A7117BBA}"
EndProject
Global
	GlobalSection(SolutionConfigurationPlatforms) = preSolution
		Debug|Any CPU = Debug|Any CPU
		Release|Any CPU = Release|Any CPU
	EndGlobalSection
	GlobalSection(ProjectConfigurationPlatforms) = postSolution
		{A7937448-2719-43DC-A452-E17D2397EE57}.Debug|Any CPU.ActiveCfg = Debug|Any CPU
		{A7937448-2719-43DC-A452-E17D2397EE57}.Debug|Any CPU.Build.0 = Debug|Any CPU
		{A7937448-2719-43DC-A452-E17D2397EE57}.Release|Any CPU.ActiveCfg = Release|Any CPU
		{A7937448-2719-43DC-A452-E17D2397EE57}.Release|Any CPU.Build.0 = Release|Any CPU
		{38356DF0-CD53-4962-B493-E155B7310F40}.Debug|Any CPU.ActiveCfg = Debug|Any CPU
		{38356DF0-CD53-4962-B493-E155B7310F40}.Debug|Any CPU.Build.0 = Debug|Any CPU
		{38356DF0-CD53-4962-B493-E155B7310F40}.Release|Any CPU.ActiveCfg = Release|Any CPU
		{38356DF0-CD53-4962-B493-E155B7310F40}.Release|Any CPU.Build.0 = Release|Any CPU
		{B18ACD29-6F57-4082-BA92-A14BF275D5E7}.Debug|Any CPU.ActiveCfg = Debug|Any CPU
		{B18ACD29-6F57-4082-BA92-A14BF275D5E7}.Debug|Any CPU.Build.0 = Debug|Any CPU
		{B18ACD29-6F57-4082-BA92-A14BF275D5E7}.Release|Any CPU.ActiveCfg = Release|Any CPU
		{B18ACD29-6F57-4082-BA92-A14BF275D5E7}.Release|Any CPU.Build.0 = Release|Any CPU
		{0B90E9F9-4FDE-4337-9A14-83ED977DEF9F}.Debug|Any CPU.ActiveCfg = Debug|Any CPU
		{0B90E9F9-4FDE-4337-9A14-83ED977DEF9F}.Debug|Any CPU.Build.0 = Debug|Any CPU
		{0B90E9F9-4FDE-4337-9A14-83ED977DEF9F}.Release|Any CPU.ActiveCfg = Release|Any CPU
		{0B90E9F9-4FDE-4337-9A14-83ED977DEF9F}.Release|Any CPU.Build.0 = Release|Any CPU
		{D92C2409-D91E-4EB0-8D78-EB02A7117BBA}.Debug|Any CPU.ActiveCfg = Debug|Any CPU
		{D92C2409-D91E-4EB0-8D78-EB02A7117BBA}.Debug|Any CPU.Build.0 = Debug|Any CPU
		{D92C2409-D91E-4EB0-8D78-EB02A7117BBA}.Release|Any CPU.ActiveCfg = Release|Any CPU
		{D92C2409-D91E-4EB0-8D78-EB02A7117BBA}.Release|Any CPU.Build.0 = Release|Any CPU
	EndGlobalSection
	GlobalSection(SolutionProperties) = preSolution
		HideSolutionNode = FALSE
	EndGlobalSection
	GlobalSection(ExtensibilityGlobals) = postSolution
		SolutionGuid = {D407A2F4-AA9F-4F00-BA4A-22AEB70B73CB}
	EndGlobalSection
EndGlobal
