
Microsoft Visual Studio Solution File, Format Version 12.00
# Visual Studio Version 17
VisualStudioVersion = 17.3.32901.215
MinimumVisualStudioVersion = 10.0.40219.1
Project("{9A19103F-16F7-4668-BE54-9A1E7A4F7556}") = "FirstProgram", "FirstProgram\FirstProgram.csproj", "{A7937448-2719-43DC-A452-E17D2397EE57}"
EndProject
Project("{9A19103F-16F7-4668-BE54-9A1E7A4F7556}") = "ClassObjectInstance", "..\..\CSharp\ClassObjectInstance\ClassObjectInstance.csproj", "{0B90E9F9-4FDE-4337-9A14-83ED977DEF9F}"
EndProject
Project("{9A19103F-16F7-4668-BE54-9A1E7A4F7556}") = "ClassExample", "..\..\CSharp\ClassExample\ClassExample.csproj", "{D92C2409-D91E-4EB0-8D78-EB02A7117BBA}"
EndProject
Project("{9A19103F-16F7-4668-BE54-9A1E7A4F7556}") = "IfStatement", "..\..\CSharp\IfStatement\IfStatement.csproj", "{039E7850-AE07-4E8F-ABB4-4D0A404C1216}"
EndProject
Project("{9A19103F-16F7-4668-BE54-9A1E7A4F7556}") = "Operators", "..\..\CSharp\Operators\Operators.csproj", "{60B695B6-34DC-4CF4-B6CF-5D69BBCA3AAC}"
EndProject
Project("{FAE04EC0-301F-11D3-BF4B-00C04F79EFBC}") = "Array", "Array\Array.csproj", "{17CB102B-1D6B-4BFE-921B-A4E0DB30C221}"
EndProject
Project("{FAE04EC0-301F-11D3-BF4B-00C04F79EFBC}") = "Varlable", "Varlable\Varlable.csproj", "{D3E38106-285A-495A-A5F7-DF2EE82AD0B2}"
EndProject
Project("{FAE04EC0-301F-11D3-BF4B-00C04F79EFBC}") = "Method", "Method\Method.csproj", "{4E7A8956-DBD5-4122-A04E-D71927CCA433}"
EndProject
Project("{FAE04EC0-301F-11D3-BF4B-00C04F79EFBC}") = "LoopStatements", "LoopStatements\LoopStatements.csproj", "{7028B38F-5108-48A3-B95A-61B051B9CFA9}"
EndProject
Global
	GlobalSection(SolutionConfigurationPlatforms) = preSolution
		Debug|Any CPU = Debug|Any CPU
		Release|Any CPU = Release|Any CPU
	EndGlobalSection
	GlobalSection(ProjectConfigurationPlatforms) = postSolution
		{A7937448-2719-43DC-A452-E17D2397EE57}.Debug|Any CPU.ActiveCfg = Debug|Any CPU
		{A7937448-2719-43DC-A452-E17D2397EE57}.Debug|Any CPU.Build.0 = Debug|Any CPU
		{A7937448-2719-43DC-A452-E17D2397EE57}.Release|Any CPU.ActiveCfg = Release|Any CPU
		{A7937448-2719-43DC-A452-E17D2397EE57}.Release|Any CPU.Build.0 = Release|Any CPU
		{0B90E9F9-4FDE-4337-9A14-83ED977DEF9F}.Debug|Any CPU.ActiveCfg = Debug|Any CPU
		{0B90E9F9-4FDE-4337-9A14-83ED977DEF9F}.Debug|Any CPU.Build.0 = Debug|Any CPU
		{0B90E9F9-4FDE-4337-9A14-83ED977DEF9F}.Release|Any CPU.ActiveCfg = Release|Any CPU
		{0B90E9F9-4FDE-4337-9A14-83ED977DEF9F}.Release|Any CPU.Build.0 = Release|Any CPU
		{D92C2409-D91E-4EB0-8D78-EB02A7117BBA}.Debug|Any CPU.ActiveCfg = Debug|Any CPU
		{D92C2409-D91E-4EB0-8D78-EB02A7117BBA}.Debug|Any CPU.Build.0 = Debug|Any CPU
		{D92C2409-D91E-4EB0-8D78-EB02A7117BBA}.Release|Any CPU.ActiveCfg = Release|Any CPU
		{D92C2409-D91E-4EB0-8D78-EB02A7117BBA}.Release|Any CPU.Build.0 = Release|Any CPU
		{039E7850-AE07-4E8F-ABB4-4D0A404C1216}.Debug|Any CPU.ActiveCfg = Debug|Any CPU
		{039E7850-AE07-4E8F-ABB4-4D0A404C1216}.Debug|Any CPU.Build.0 = Debug|Any CPU
		{039E7850-AE07-4E8F-ABB4-4D0A404C1216}.Release|Any CPU.ActiveCfg = Release|Any CPU
		{039E7850-AE07-4E8F-ABB4-4D0A404C1216}.Release|Any CPU.Build.0 = Release|Any CPU
		{60B695B6-34DC-4CF4-B6CF-5D69BBCA3AAC}.Debug|Any CPU.ActiveCfg = Debug|Any CPU
		{60B695B6-34DC-4CF4-B6CF-5D69BBCA3AAC}.Debug|Any CPU.Build.0 = Debug|Any CPU
		{60B695B6-34DC-4CF4-B6CF-5D69BBCA3AAC}.Release|Any CPU.ActiveCfg = Release|Any CPU
		{60B695B6-34DC-4CF4-B6CF-5D69BBCA3AAC}.Release|Any CPU.Build.0 = Release|Any CPU
		{17CB102B-1D6B-4BFE-921B-A4E0DB30C221}.Debug|Any CPU.ActiveCfg = Debug|Any CPU
		{17CB102B-1D6B-4BFE-921B-A4E0DB30C221}.Debug|Any CPU.Build.0 = Debug|Any CPU
		{17CB102B-1D6B-4BFE-921B-A4E0DB30C221}.Release|Any CPU.ActiveCfg = Release|Any CPU
		{17CB102B-1D6B-4BFE-921B-A4E0DB30C221}.Release|Any CPU.Build.0 = Release|Any CPU
		{D3E38106-285A-495A-A5F7-DF2EE82AD0B2}.Debug|Any CPU.ActiveCfg = Debug|Any CPU
		{D3E38106-285A-495A-A5F7-DF2EE82AD0B2}.Debug|Any CPU.Build.0 = Debug|Any CPU
		{D3E38106-285A-495A-A5F7-DF2EE82AD0B2}.Release|Any CPU.ActiveCfg = Release|Any CPU
		{D3E38106-285A-495A-A5F7-DF2EE82AD0B2}.Release|Any CPU.Build.0 = Release|Any CPU
		{4E7A8956-DBD5-4122-A04E-D71927CCA433}.Debug|Any CPU.ActiveCfg = Debug|Any CPU
		{4E7A8956-DBD5-4122-A04E-D71927CCA433}.Debug|Any CPU.Build.0 = Debug|Any CPU
		{4E7A8956-DBD5-4122-A04E-D71927CCA433}.Release|Any CPU.ActiveCfg = Release|Any CPU
		{4E7A8956-DBD5-4122-A04E-D71927CCA433}.Release|Any CPU.Build.0 = Release|Any CPU
		{7028B38F-5108-48A3-B95A-61B051B9CFA9}.Debug|Any CPU.ActiveCfg = Debug|Any CPU
		{7028B38F-5108-48A3-B95A-61B051B9CFA9}.Debug|Any CPU.Build.0 = Debug|Any CPU
		{7028B38F-5108-48A3-B95A-61B051B9CFA9}.Release|Any CPU.ActiveCfg = Release|Any CPU
		{7028B38F-5108-48A3-B95A-61B051B9CFA9}.Release|Any CPU.Build.0 = Release|Any CPU
	EndGlobalSection
	GlobalSection(SolutionProperties) = preSolution
		HideSolutionNode = FALSE
	EndGlobalSection
	GlobalSection(ExtensibilityGlobals) = postSolution
		SolutionGuid = {D407A2F4-AA9F-4F00-BA4A-22AEB70B73CB}
	EndGlobalSection
EndGlobal
